// !$*UTF8*$!
{
	archiveVersion = 1;
	classes = {
	};
	objectVersion = 56;
	objects = {

/* Begin PBXBuildFile section */
		AA1111111111111111111111 /* AppDelegate.swift in Sources */ = {isa = PBXBuildFile; fileRef = AA2222222222222222222222 /* AppDelegate.swift */; };
		AA3333333333333333333333 /* CameraManager.swift in Sources */ = {isa = PBXBuildFile; fileRef = AA4444444444444444444444 /* CameraManager.swift */; };
		AA5555555555555555555555 /* CircularWindow.swift in Sources */ = {isa = PBXBuildFile; fileRef = AA6666666666666666666666 /* CircularWindow.swift */; };
		AA7777777777777777777777 /* MenuBarController.swift in Sources */ = {isa = PBXBuildFile; fileRef = AA8888888888888888888888 /* MenuBarController.swift */; };
		AA9999999999999999999999 /* PreferencesManager.swift in Sources */ = {isa = PBXBuildFile; fileRef = AAAAAAAAAAAAAAAAAAAAAAA /* PreferencesManager.swift */; };
		AABBBBBBBBBBBBBBBBBBBBB /* Assets.xcassets in Resources */ = {isa = PBXBuildFile; fileRef = AACCCCCCCCCCCCCCCCCCCC /* Assets.xcassets */; };
		AADDDDDDDDDDDDDDDDDDDD1 /* CircularContentView.swift in Sources */ = {isa = PBXBuildFile; fileRef = AADDDDDDDDDDDDDDDDDDDD2 /* CircularContentView.swift */; };
		AAFFFFF00000000000001 /* main.swift in Sources */ = {isa = PBXBuildFile; fileRef = AAFFFFF00000000000002 /* main.swift */; };
/* End PBXBuildFile section */

/* Begin PBXFileReference section */
		AA0000000000000000000000 /* Iris.app */ = {isa = PBXFileReference; explicitFileType = wrapper.application; includeInIndex = 0; path = Iris.app; sourceTree = BUILT_PRODUCTS_DIR; };
		AA2222222222222222222222 /* AppDelegate.swift */ = {isa = PBXFileReference; lastKnownFileType = sourcecode.swift; path = AppDelegate.swift; sourceTree = "<group>"; };
		AA4444444444444444444444 /* CameraManager.swift */ = {isa = PBXFileReference; lastKnownFileType = sourcecode.swift; path = CameraManager.swift; sourceTree = "<group>"; };
		AA6666666666666666666666 /* CircularWindow.swift */ = {isa = PBXFileReference; lastKnownFileType = sourcecode.swift; path = CircularWindow.swift; sourceTree = "<group>"; };
		AA8888888888888888888888 /* MenuBarController.swift */ = {isa = PBXFileReference; lastKnownFileType = sourcecode.swift; path = MenuBarController.swift; sourceTree = "<group>"; };
		AAAAAAAAAAAAAAAAAAAAAAA /* PreferencesManager.swift */ = {isa = PBXFileReference; lastKnownFileType = sourcecode.swift; path = PreferencesManager.swift; sourceTree = "<group>"; };
		AACCCCCCCCCCCCCCCCCCCC /* Assets.xcassets */ = {isa = PBXFileReference; lastKnownFileType = folder.assetcatalog; path = Assets.xcassets; sourceTree = "<group>"; };
		AADDDDDDDDDDDDDDDDDDDDD /* Info.plist */ = {isa = PBXFileReference; lastKnownFileType = text.plist.xml; path = Info.plist; sourceTree = "<group>"; };
		AAEEEEEEEEEEEEEEEEEEEE /* Iris.entitlements */ = {isa = PBXFileReference; lastKnownFileType = text.plist.entitlements; path = Iris.entitlements; sourceTree = "<group>"; };
		AADDDDDDDDDDDDDDDDDDDD2 /* CircularContentView.swift */ = {isa = PBXFileReference; lastKnownFileType = sourcecode.swift; path = CircularContentView.swift; sourceTree = "<group>"; };
		AAFFFFF00000000000002 /* main.swift */ = {isa = PBXFileReference; lastKnownFileType = sourcecode.swift; path = main.swift; sourceTree = "<group>"; };
/* End PBXFileReference section */

/* Begin PBXFrameworksBuildPhase section */
		AAFFFFFFFFFFFFFFFFFFFFFF /* Frameworks */ = {
			isa = PBXFrameworksBuildPhase;
			buildActionMask = 2147483647;
			files = (
			);
			runOnlyForDeploymentPostprocessing = 0;
		};
/* End PBXFrameworksBuildPhase section */

/* Begin PBXGroup section */
		AAGGGGGGGGGGGGGGGGGGGG = {
			isa = PBXGroup;
			children = (
				AAJJJJJJJJJJJJJJJJJJJJ /* Iris */,
				AAEEEEEEEEEEEEEEEEEEEE /* Iris.entitlements */,
				AAIIIIIIIIIIIIIIIIIII /* Products */,
			);
			sourceTree = "<group>";
		};
		AAIIIIIIIIIIIIIIIIIII /* Products */ = {
			isa = PBXGroup;
			children = (
				AA0000000000000000000000 /* Iris.app */,
			);
			name = Products;
			sourceTree = "<group>";
		};
		AAJJJJJJJJJJJJJJJJJJJJ /* Iris */ = {
			isa = PBXGroup;
			children = (
				AAFFFFF00000000000002 /* main.swift */,
				AA2222222222222222222222 /* AppDelegate.swift */,
				AA4444444444444444444444 /* CameraManager.swift */,
				AA6666666666666666666666 /* CircularWindow.swift */,
				AADDDDDDDDDDDDDDDDDDDD2 /* CircularContentView.swift */,
				AA8888888888888888888888 /* MenuBarController.swift */,
				AAAAAAAAAAAAAAAAAAAAAAA /* PreferencesManager.swift */,
				AACCCCCCCCCCCCCCCCCCCC /* Assets.xcassets */,
				AADDDDDDDDDDDDDDDDDDDDD /* Info.plist */,
			);
			path = Iris;
			sourceTree = "<group>";
		};
/* End PBXGroup section */

/* Begin PBXNativeTarget section */
		AAKKKKKKKKKKKKKKKKKKKK /* Iris */ = {
			isa = PBXNativeTarget;
			buildConfigurationList = AALLLLLLLLLLLLLLLLLLLL /* Build configuration list for PBXNativeTarget "Iris" */;
			buildPhases = (
				AAMMMMMMMMMMMMMMMMMMMM /* Sources */,
				AAFFFFFFFFFFFFFFFFFFFFFF /* Frameworks */,
				AANNNNNNNNNNNNNNNNNNNN /* Resources */,
			);
			buildRules = (
			);
			dependencies = (
			);
			name = Iris;
			productName = Iris;
			productReference = AA0000000000000000000000 /* Iris.app */;
			productType = "com.apple.product-type.application";
		};
/* End PBXNativeTarget section */

/* Begin PBXProject section */
		AAOOOOOOOOOOOOOOOOOOOO /* Project object */ = {
			isa = PBXProject;
			attributes = {
				BuildIndependentTargetsInParallel = 1;
				LastSwiftUpdateCheck = 1500;
				LastUpgradeCheck = 1500;
				TargetAttributes = {
					AAKKKKKKKKKKKKKKKKKKKK = {
						CreatedOnToolsVersion = 15.0;
					};
				};
			};
			buildConfigurationList = AAPPPPPPPPPPPPPPPPPPPP /* Build configuration list for PBXProject "Iris" */;
			compatibilityVersion = "Xcode 14.0";
			developmentRegion = en;
			hasScannedForEncodings = 0;
			knownRegions = (
				en,
				Base,
			);
			mainGroup = AAGGGGGGGGGGGGGGGGGGGG;
			productRefGroup = AAIIIIIIIIIIIIIIIIIII /* Products */;
			projectDirPath = "";
			projectRoot = "";
			targets = (
				AAKKKKKKKKKKKKKKKKKKKK /* Iris */,
			);
		};
/* End PBXProject section */

/* Begin PBXResourcesBuildPhase section */
		AANNNNNNNNNNNNNNNNNNNN /* Resources */ = {
			isa = PBXResourcesBuildPhase;
			buildActionMask = 2147483647;
			files = (
				AABBBBBBBBBBBBBBBBBBBBB /* Assets.xcassets in Resources */,
			);
			runOnlyForDeploymentPostprocessing = 0;
		};
/* End PBXResourcesBuildPhase section */

/* Begin PBXSourcesBuildPhase section */
		AAMMMMMMMMMMMMMMMMMMMM /* Sources */ = {
			isa = PBXSourcesBuildPhase;
			buildActionMask = 2147483647;
			files = (
				AAFFFFF00000000000001 /* main.swift in Sources */,
				AA1111111111111111111111 /* AppDelegate.swift in Sources */,
				AA3333333333333333333333 /* CameraManager.swift in Sources */,
				AA5555555555555555555555 /* CircularWindow.swift in Sources */,
				AADDDDDDDDDDDDDDDDDDDD1 /* CircularContentView.swift in Sources */,
				AA7777777777777777777777 /* MenuBarController.swift in Sources */,
				AA9999999999999999999999 /* PreferencesManager.swift in Sources */,
			);
			runOnlyForDeploymentPostprocessing = 0;
		};
/* End PBXSourcesBuildPhase section */

/* Begin XCBuildConfiguration section */
		AAQQQQQQQQQQQQQQQQQQQQ /* Debug */ = {
			isa = XCBuildConfiguration;
			buildSettings = {
				ALWAYS_SEARCH_USER_PATHS = NO;
				ASSETCATALOG_COMPILER_GENERATE_SWIFT_ASSET_SYMBOL_EXTENSIONS = YES;
				CLANG_ANALYZER_NONNULL = YES;
				CLANG_ANALYZER_NUMBER_OBJECT_CONVERSION = YES_AGGRESSIVE;
				CLANG_CXX_LANGUAGE_STANDARD = "gnu++20";
				CLANG_ENABLE_MODULES = YES;
				CLANG_ENABLE_OBJC_ARC = YES;
				CLANG_ENABLE_OBJC_WEAK = YES;
				CLANG_WARN_BLOCK_CAPTURE_AUTORELEASING = YES;
				CLANG_WARN_BOOL_CONVERSION = YES;
				CLANG_WARN_COMMA = YES;
				CLANG_WARN_CONSTANT_CONVERSION = YES;
				CLANG_WARN_DEPRECATED_OBJC_IMPLEMENTATIONS = YES;
				CLANG_WARN_DIRECT_OBJC_ISA_USAGE = YES_ERROR;
				CLANG_WARN_DOCUMENTATION_COMMENTS = YES;
				CLANG_WARN_EMPTY_BODY = YES;
				CLANG_WARN_ENUM_CONVERSION = YES;
				CLANG_WARN_INFINITE_RECURSION = YES;
				CLANG_WARN_INT_CONVERSION = YES;
				CLANG_WARN_NON_LITERAL_NULL_CONVERSION = YES;
				CLANG_WARN_OBJC_IMPLICIT_RETAIN_SELF = YES;
				CLANG_WARN_OBJC_LITERAL_CONVERSION = YES;
				CLANG_WARN_OBJC_ROOT_CLASS = YES_ERROR;
				CLANG_WARN_QUOTED_INCLUDE_IN_FRAMEWORK_HEADER = YES;
				CLANG_WARN_RANGE_LOOP_ANALYSIS = YES;
				CLANG_WARN_STRICT_PROTOTYPES = YES;
				CLANG_WARN_SUSPICIOUS_MOVE = YES;
				CLANG_WARN_UNGUARDED_AVAILABILITY = YES_AGGRESSIVE;
				CLANG_WARN_UNREACHABLE_CODE = YES;
				CLANG_WARN__DUPLICATE_METHOD_MATCH = YES;
				COPY_PHASE_STRIP = NO;
				DEBUG_INFORMATION_FORMAT = dwarf;
				ENABLE_STRICT_OBJC_MSGSEND = YES;
				ENABLE_TESTABILITY = YES;
				ENABLE_USER_SCRIPT_SANDBOXING = YES;
				GCC_C_LANGUAGE_STANDARD = gnu17;
				GCC_DYNAMIC_NO_PIC = NO;
				GCC_NO_COMMON_BLOCKS = YES;
				GCC_OPTIMIZATION_LEVEL = 0;
				GCC_PREPROCESSOR_DEFINITIONS = (
					"DEBUG=1",
					"$(inherited)",
				);
				GCC_WARN_64_TO_32_BIT_CONVERSION = YES;
				GCC_WARN_ABOUT_RETURN_TYPE = YES_ERROR;
				GCC_WARN_UNDECLARED_SELECTOR = YES;
				GCC_WARN_UNINITIALIZED_AUTOS = YES_AGGRESSIVE;
				GCC_WARN_UNUSED_FUNCTION = YES;
				GCC_WARN_UNUSED_VARIABLE = YES;
				LOCALIZATION_PREFERS_STRING_CATALOGS = YES;
				MACOSX_DEPLOYMENT_TARGET = 13.0;
				MTL_ENABLE_DEBUG_INFO = INCLUDE_SOURCE;
				MTL_FAST_MATH = YES;
				ONLY_ACTIVE_ARCH = YES;
				SDKROOT = macosx;
				SWIFT_ACTIVE_COMPILATION_CONDITIONS = "DEBUG $(inherited)";
				SWIFT_OPTIMIZATION_LEVEL = "-Onone";
			};
			name = Debug;
		};
		AARRRRRRRRRRRRRRRRRRRR /* Release */ = {
			isa = XCBuildConfiguration;
			buildSettings = {
				ALWAYS_SEARCH_USER_PATHS = NO;
				ASSETCATALOG_COMPILER_GENERATE_SWIFT_ASSET_SYMBOL_EXTENSIONS = YES;
				CLANG_ANALYZER_NONNULL = YES;
				CLANG_ANALYZER_NUMBER_OBJECT_CONVERSION = YES_AGGRESSIVE;
				CLANG_CXX_LANGUAGE_STANDARD = "gnu++20";
				CLANG_ENABLE_MODULES = YES;
				CLANG_ENABLE_OBJC_ARC = YES;
				CLANG_ENABLE_OBJC_WEAK = YES;
				CLANG_WARN_BLOCK_CAPTURE_AUTORELEASING = YES;
				CLANG_WARN_BOOL_CONVERSION = YES;
				CLANG_WARN_COMMA = YES;
				CLANG_WARN_CONSTANT_CONVERSION = YES;
				CLANG_WARN_DEPRECATED_OBJC_IMPLEMENTATIONS = YES;
				CLANG_WARN_DIRECT_OBJC_ISA_USAGE = YES_ERROR;
				CLANG_WARN_DOCUMENTATION_COMMENTS = YES;
				CLANG_WARN_EMPTY_BODY = YES;
				CLANG_WARN_ENUM_CONVERSION = YES;
				CLANG_WARN_INFINITE_RECURSION = YES;
				CLANG_WARN_INT_CONVERSION = YES;
				CLANG_WARN_NON_LITERAL_NULL_CONVERSION = YES;
				CLANG_WARN_OBJC_IMPLICIT_RETAIN_SELF = YES;
				CLANG_WARN_OBJC_LITERAL_CONVERSION = YES;
				CLANG_WARN_OBJC_ROOT_CLASS = YES_ERROR;
				CLANG_WARN_QUOTED_INCLUDE_IN_FRAMEWORK_HEADER = YES;
				CLANG_WARN_RANGE_LOOP_ANALYSIS = YES;
				CLANG_WARN_STRICT_PROTOTYPES = YES;
				CLANG_WARN_SUSPICIOUS_MOVE = YES;
				CLANG_WARN_UNGUARDED_AVAILABILITY = YES_AGGRESSIVE;
				CLANG_WARN_UNREACHABLE_CODE = YES;
				CLANG_WARN__DUPLICATE_METHOD_MATCH = YES;
				COPY_PHASE_STRIP = NO;
				DEBUG_INFORMATION_FORMAT = "dwarf-with-dsym";
				ENABLE_NS_ASSERTIONS = NO;
				ENABLE_STRICT_OBJC_MSGSEND = YES;
				ENABLE_USER_SCRIPT_SANDBOXING = YES;
				GCC_C_LANGUAGE_STANDARD = gnu17;
				GCC_NO_COMMON_BLOCKS = YES;
				GCC_WARN_64_TO_32_BIT_CONVERSION = YES;
				GCC_WARN_ABOUT_RETURN_TYPE = YES_ERROR;
				GCC_WARN_UNDECLARED_SELECTOR = YES;
				GCC_WARN_UNINITIALIZED_AUTOS = YES_AGGRESSIVE;
				GCC_WARN_UNUSED_FUNCTION = YES;
				GCC_WARN_UNUSED_VARIABLE = YES;
				LOCALIZATION_PREFERS_STRING_CATALOGS = YES;
				MACOSX_DEPLOYMENT_TARGET = 13.0;
				MTL_ENABLE_DEBUG_INFO = NO;
				MTL_FAST_MATH = YES;
				SDKROOT = macosx;
				SWIFT_COMPILATION_MODE = wholemodule;
			};
			name = Release;
		};
		AASSSSSSSSSSSSSSSSSSSS /* Debug */ = {
			isa = XCBuildConfiguration;
			buildSettings = {
				ASSETCATALOG_COMPILER_APPICON_NAME = AppIcon;
				ASSETCATALOG_COMPILER_GLOBAL_ACCENT_COLOR_NAME = AccentColor;
				CODE_SIGN_ENTITLEMENTS = Iris.entitlements;
				CODE_SIGN_IDENTITY = "-";
				CODE_SIGN_STYLE = Automatic;
				COMBINE_HIDPI_IMAGES = YES;
				CURRENT_PROJECT_VERSION = 1;
				GENERATE_INFOPLIST_FILE = NO;
				INFOPLIST_FILE = Iris/Info.plist;
				INFOPLIST_KEY_NSHumanReadableCopyright = "";
				INFOPLIST_KEY_NSMainStoryboardFile = "";
				INFOPLIST_KEY_NSPrincipalClass = NSApplication;
				LD_RUNPATH_SEARCH_PATHS = (
					"$(inherited)",
					"@executable_path/../Frameworks",
				);
				MARKETING_VERSION = 1.0;
				PRODUCT_BUNDLE_IDENTIFIER = com.iris.app;
				PRODUCT_NAME = "$(TARGET_NAME)";
				SWIFT_EMIT_LOC_STRINGS = YES;
				SWIFT_VERSION = 5.0;
			};
			name = Debug;
		};
		AATTTTTTTTTTTTTTTTTTTT /* Release */ = {
			isa = XCBuildConfiguration;
			buildSettings = {
				ASSETCATALOG_COMPILER_APPICON_NAME = AppIcon;
				ASSETCATALOG_COMPILER_GLOBAL_ACCENT_COLOR_NAME = AccentColor;
				CODE_SIGN_ENTITLEMENTS = Iris.entitlements;
				CODE_SIGN_IDENTITY = "-";
				CODE_SIGN_STYLE = Automatic;
				COMBINE_HIDPI_IMAGES = YES;
				CURRENT_PROJECT_VERSION = 1;
				GENERATE_INFOPLIST_FILE = NO;
				INFOPLIST_FILE = Iris/Info.plist;
				INFOPLIST_KEY_NSHumanReadableCopyright = "";
				INFOPLIST_KEY_NSMainStoryboardFile = "";
				INFOPLIST_KEY_NSPrincipalClass = NSApplication;
				LD_RUNPATH_SEARCH_PATHS = (
					"$(inherited)",
					"@executable_path/../Frameworks",
				);
				MARKETING_VERSION = 1.0;
				PRODUCT_BUNDLE_IDENTIFIER = com.iris.app;
				PRODUCT_NAME = "$(TARGET_NAME)";
				SWIFT_EMIT_LOC_STRINGS = YES;
				SWIFT_VERSION = 5.0;
			};
			name = Release;
		};
/* End XCBuildConfiguration section */

/* Begin XCConfigurationList section */
		AALLLLLLLLLLLLLLLLLLLL /* Build configuration list for PBXNativeTarget "Iris" */ = {
			isa = XCConfigurationList;
			buildConfigurations = (
				AASSSSSSSSSSSSSSSSSSSS /* Debug */,
				AATTTTTTTTTTTTTTTTTTTT /* Release */,
			);
			defaultConfigurationIsVisible = 0;
			defaultConfigurationName = Release;
		};
		AAPPPPPPPPPPPPPPPPPPPP /* Build configuration list for PBXProject "Iris" */ = {
			isa = XCConfigurationList;
			buildConfigurations = (
				AAQQQQQQQQQQQQQQQQQQQQ /* Debug */,
				AARRRRRRRRRRRRRRRRRRRR /* Release */,
			);
			defaultConfigurationIsVisible = 0;
			defaultConfigurationName = Release;
		};
/* End XCConfigurationList section */
	};
	rootObject = AAOOOOOOOOOOOOOOOOOOOO /* Project object */;
}
